// !$*UTF8*$!
{
	archiveVersion = 1;
	classes = {
	};
	objectVersion = 56;
	objects = {

/* Begin PBXBuildFile section */
		8D59409D263C9E8800E55717 /* PokemonDetailsSingleLabelTableViewCell.swift in Sources */ = {isa = PBXBuildFile; fileRef = 8D59409C263C9E8800E55717 /* PokemonDetailsSingleLabelTableViewCell.swift */; };
		8D5940A1263CA24100E55717 /* PokemonDetailsService.swift in Sources */ = {isa = PBXBuildFile; fileRef = 8D5940A0263CA24100E55717 /* PokemonDetailsService.swift */; };
		8D5940A6263CAD2B00E55717 /* PokemonDetailsStatTableViewCell.swift in Sources */ = {isa = PBXBuildFile; fileRef = 8D5940A5263CAD2B00E55717 /* PokemonDetailsStatTableViewCell.swift */; };
		8D8E13E62637537F00E0E490 /* AppDelegate.swift in Sources */ = {isa = PBXBuildFile; fileRef = 8D8E13E52637537F00E0E490 /* AppDelegate.swift */; };
		8D8E13EA2637537F00E0E490 /* ViewController.swift in Sources */ = {isa = PBXBuildFile; fileRef = 8D8E13E92637537F00E0E490 /* ViewController.swift */; };
		8D8E13EF2637537F00E0E490 /* Assets.xcassets in Resources */ = {isa = PBXBuildFile; fileRef = 8D8E13EE2637537F00E0E490 /* Assets.xcassets */; };
		8D8E13F22637537F00E0E490 /* LaunchScreen.storyboard in Resources */ = {isa = PBXBuildFile; fileRef = 8D8E13F02637537F00E0E490 /* LaunchScreen.storyboard */; };
		8D8E14002637549800E0E490 /* PokemonData.swift in Sources */ = {isa = PBXBuildFile; fileRef = 8D8E13FF2637549800E0E490 /* PokemonData.swift */; };
		8D8E14082637589C00E0E490 /* Parser.swift in Sources */ = {isa = PBXBuildFile; fileRef = 8D8E14072637589C00E0E490 /* Parser.swift */; };
		8DE1528E263768E30062FFDA /* PokemonListTableViewCell.swift in Sources */ = {isa = PBXBuildFile; fileRef = 8DE1528D263768E30062FFDA /* PokemonListTableViewCell.swift */; };
		AC3B4B962639479200694726 /* PokemonDetailsData.swift in Sources */ = {isa = PBXBuildFile; fileRef = AC3B4B952639479200694726 /* PokemonDetailsData.swift */; };
		AC3B4B992639DBB100694726 /* PokemonDetailsViewController.swift in Sources */ = {isa = PBXBuildFile; fileRef = AC3B4B982639DBB100694726 /* PokemonDetailsViewController.swift */; };
		AC3B4BA42639F0E100694726 /* ApplicationCoordinator.swift in Sources */ = {isa = PBXBuildFile; fileRef = AC3B4BA32639F0E100694726 /* ApplicationCoordinator.swift */; };
		AC3B4BA82639F0F600694726 /* Coordinator.swift in Sources */ = {isa = PBXBuildFile; fileRef = AC3B4BA72639F0F600694726 /* Coordinator.swift */; };
		AC3B4BAB2639F1BD00694726 /* ViewControllerCoordinator.swift in Sources */ = {isa = PBXBuildFile; fileRef = AC3B4BAA2639F1BD00694726 /* ViewControllerCoordinator.swift */; };
/* End PBXBuildFile section */

/* Begin PBXFileReference section */
		8D59409C263C9E8800E55717 /* PokemonDetailsSingleLabelTableViewCell.swift */ = {isa = PBXFileReference; lastKnownFileType = sourcecode.swift; path = PokemonDetailsSingleLabelTableViewCell.swift; sourceTree = "<group>"; };
		8D5940A0263CA24100E55717 /* PokemonDetailsService.swift */ = {isa = PBXFileReference; lastKnownFileType = sourcecode.swift; path = PokemonDetailsService.swift; sourceTree = "<group>"; };
		8D5940A5263CAD2B00E55717 /* PokemonDetailsStatTableViewCell.swift */ = {isa = PBXFileReference; lastKnownFileType = sourcecode.swift; path = PokemonDetailsStatTableViewCell.swift; sourceTree = "<group>"; };
		8D8E13E22637537F00E0E490 /* PokemonList.app */ = {isa = PBXFileReference; explicitFileType = wrapper.application; includeInIndex = 0; path = PokemonList.app; sourceTree = BUILT_PRODUCTS_DIR; };
		8D8E13E52637537F00E0E490 /* AppDelegate.swift */ = {isa = PBXFileReference; lastKnownFileType = sourcecode.swift; path = AppDelegate.swift; sourceTree = "<group>"; };
		8D8E13E92637537F00E0E490 /* ViewController.swift */ = {isa = PBXFileReference; lastKnownFileType = sourcecode.swift; path = ViewController.swift; sourceTree = "<group>"; };
		8D8E13EE2637537F00E0E490 /* Assets.xcassets */ = {isa = PBXFileReference; lastKnownFileType = folder.assetcatalog; path = Assets.xcassets; sourceTree = "<group>"; };
		8D8E13F12637537F00E0E490 /* Base */ = {isa = PBXFileReference; lastKnownFileType = file.storyboard; name = Base; path = Base.lproj/LaunchScreen.storyboard; sourceTree = "<group>"; };
		8D8E13F32637537F00E0E490 /* Info.plist */ = {isa = PBXFileReference; lastKnownFileType = text.plist.xml; path = Info.plist; sourceTree = "<group>"; };
		8D8E13FF2637549800E0E490 /* PokemonData.swift */ = {isa = PBXFileReference; lastKnownFileType = sourcecode.swift; path = PokemonData.swift; sourceTree = "<group>"; };
		8D8E14072637589C00E0E490 /* Parser.swift */ = {isa = PBXFileReference; lastKnownFileType = sourcecode.swift; path = Parser.swift; sourceTree = "<group>"; };
		8DE1528D263768E30062FFDA /* PokemonListTableViewCell.swift */ = {isa = PBXFileReference; lastKnownFileType = sourcecode.swift; path = PokemonListTableViewCell.swift; sourceTree = "<group>"; };
		AC3B4B952639479200694726 /* PokemonDetailsData.swift */ = {isa = PBXFileReference; lastKnownFileType = sourcecode.swift; path = PokemonDetailsData.swift; sourceTree = "<group>"; };
		AC3B4B982639DBB100694726 /* PokemonDetailsViewController.swift */ = {isa = PBXFileReference; lastKnownFileType = sourcecode.swift; path = PokemonDetailsViewController.swift; sourceTree = "<group>"; };
		AC3B4BA32639F0E100694726 /* ApplicationCoordinator.swift */ = {isa = PBXFileReference; lastKnownFileType = sourcecode.swift; path = ApplicationCoordinator.swift; sourceTree = "<group>"; };
		AC3B4BA72639F0F600694726 /* Coordinator.swift */ = {isa = PBXFileReference; lastKnownFileType = sourcecode.swift; path = Coordinator.swift; sourceTree = "<group>"; };
		AC3B4BAA2639F1BD00694726 /* ViewControllerCoordinator.swift */ = {isa = PBXFileReference; lastKnownFileType = sourcecode.swift; path = ViewControllerCoordinator.swift; sourceTree = "<group>"; };
/* End PBXFileReference section */

/* Begin PBXFrameworksBuildPhase section */
		8D8E13DF2637537F00E0E490 /* Frameworks */ = {
			isa = PBXFrameworksBuildPhase;
			buildActionMask = 2147483647;
			files = (
			);
			runOnlyForDeploymentPostprocessing = 0;
		};
/* End PBXFrameworksBuildPhase section */

/* Begin PBXGroup section */
		8D59409F263CA23100E55717 /* Service */ = {
			isa = PBXGroup;
			children = (
				8D5940A0263CA24100E55717 /* PokemonDetailsService.swift */,
			);
			path = Service;
			sourceTree = "<group>";
		};
		8D8E13D92637537F00E0E490 = {
			isa = PBXGroup;
			children = (
				8D8E13E42637537F00E0E490 /* PokemonList */,
				8D8E13E32637537F00E0E490 /* Products */,
			);
			sourceTree = "<group>";
		};
		8D8E13E32637537F00E0E490 /* Products */ = {
			isa = PBXGroup;
			children = (
				8D8E13E22637537F00E0E490 /* PokemonList.app */,
			);
			name = Products;
			sourceTree = "<group>";
		};
		8D8E13E42637537F00E0E490 /* PokemonList */ = {
			isa = PBXGroup;
			children = (
				8D59409F263CA23100E55717 /* Service */,
				AC3B4BA22639F0CF00694726 /* Coordinator */,
				8DE1528B263767230062FFDA /* Components */,
				8D8E140E26375B8000E0E490 /* Views */,
				8D8E14022637555D00E0E490 /* ViewModels */,
				8D8E13FE2637548C00E0E490 /* Models */,
				8D8E13E52637537F00E0E490 /* AppDelegate.swift */,
				8D8E13EE2637537F00E0E490 /* Assets.xcassets */,
				8D8E13F02637537F00E0E490 /* LaunchScreen.storyboard */,
				8D8E13F32637537F00E0E490 /* Info.plist */,
			);
			path = PokemonList;
			sourceTree = "<group>";
		};
		8D8E13FE2637548C00E0E490 /* Models */ = {
			isa = PBXGroup;
			children = (
				8D8E13FF2637549800E0E490 /* PokemonData.swift */,
				AC3B4B952639479200694726 /* PokemonDetailsData.swift */,
			);
			path = Models;
			sourceTree = "<group>";
		};
		8D8E14022637555D00E0E490 /* ViewModels */ = {
			isa = PBXGroup;
			children = (
				8D8E14072637589C00E0E490 /* Parser.swift */,
			);
			path = ViewModels;
			sourceTree = "<group>";
		};
		8D8E140E26375B8000E0E490 /* Views */ = {
			isa = PBXGroup;
			children = (
				8D8E13E92637537F00E0E490 /* ViewController.swift */,
				AC3B4B982639DBB100694726 /* PokemonDetailsViewController.swift */,
			);
			path = Views;
			sourceTree = "<group>";
		};
		8DE1528B263767230062FFDA /* Components */ = {
			isa = PBXGroup;
			children = (
				8DE1528D263768E30062FFDA /* PokemonListTableViewCell.swift */,
				8D59409C263C9E8800E55717 /* PokemonDetailsSingleLabelTableViewCell.swift */,
				8D5940A5263CAD2B00E55717 /* PokemonDetailsStatTableViewCell.swift */,
			);
			path = Components;
			sourceTree = "<group>";
		};
		AC3B4BA22639F0CF00694726 /* Coordinator */ = {
			isa = PBXGroup;
			children = (
				AC3B4BA32639F0E100694726 /* ApplicationCoordinator.swift */,
				AC3B4BA72639F0F600694726 /* Coordinator.swift */,
				AC3B4BAA2639F1BD00694726 /* ViewControllerCoordinator.swift */,
			);
			path = Coordinator;
			sourceTree = "<group>";
		};
/* End PBXGroup section */

/* Begin PBXNativeTarget section */
		8D8E13E12637537F00E0E490 /* PokemonList */ = {
			isa = PBXNativeTarget;
			buildConfigurationList = 8D8E13F62637537F00E0E490 /* Build configuration list for PBXNativeTarget "PokemonList" */;
			buildPhases = (
				8D8E13DE2637537F00E0E490 /* Sources */,
				8D8E13DF2637537F00E0E490 /* Frameworks */,
				8D8E13E02637537F00E0E490 /* Resources */,
			);
			buildRules = (
			);
			dependencies = (
			);
			name = PokemonList;
			productName = PokemonList;
			productReference = 8D8E13E22637537F00E0E490 /* PokemonList.app */;
			productType = "com.apple.product-type.application";
		};
/* End PBXNativeTarget section */

/* Begin PBXProject section */
		8D8E13DA2637537F00E0E490 /* Project object */ = {
			isa = PBXProject;
			attributes = {
				LastSwiftUpdateCheck = 1240;
				LastUpgradeCheck = 1240;
				TargetAttributes = {
					8D8E13E12637537F00E0E490 = {
						CreatedOnToolsVersion = 12.4;
					};
				};
			};
			buildConfigurationList = 8D8E13DD2637537F00E0E490 /* Build configuration list for PBXProject "PokemonList" */;
			compatibilityVersion = "Xcode 14.0";
			developmentRegion = en;
			hasScannedForEncodings = 0;
			knownRegions = (
				en,
				Base,
			);
			mainGroup = 8D8E13D92637537F00E0E490;
			productRefGroup = 8D8E13E32637537F00E0E490 /* Products */;
			projectDirPath = "";
			projectRoot = "";
			targets = (
				8D8E13E12637537F00E0E490 /* PokemonList */,
			);
		};
/* End PBXProject section */

/* Begin PBXResourcesBuildPhase section */
		8D8E13E02637537F00E0E490 /* Resources */ = {
			isa = PBXResourcesBuildPhase;
			buildActionMask = 2147483647;
			files = (
				8D8E13F22637537F00E0E490 /* LaunchScreen.storyboard in Resources */,
				8D8E13EF2637537F00E0E490 /* Assets.xcassets in Resources */,
			);
			runOnlyForDeploymentPostprocessing = 0;
		};
/* End PBXResourcesBuildPhase section */

/* Begin PBXSourcesBuildPhase section */
		8D8E13DE2637537F00E0E490 /* Sources */ = {
			isa = PBXSourcesBuildPhase;
			buildActionMask = 2147483647;
			files = (
				8D8E13EA2637537F00E0E490 /* ViewController.swift in Sources */,
				8D59409D263C9E8800E55717 /* PokemonDetailsSingleLabelTableViewCell.swift in Sources */,
				8D8E13E62637537F00E0E490 /* AppDelegate.swift in Sources */,
				8DE1528E263768E30062FFDA /* PokemonListTableViewCell.swift in Sources */,
				8D8E14002637549800E0E490 /* PokemonData.swift in Sources */,
				AC3B4B962639479200694726 /* PokemonDetailsData.swift in Sources */,
				8D5940A1263CA24100E55717 /* PokemonDetailsService.swift in Sources */,
				AC3B4BAB2639F1BD00694726 /* ViewControllerCoordinator.swift in Sources */,
				8D5940A6263CAD2B00E55717 /* PokemonDetailsStatTableViewCell.swift in Sources */,
				8D8E14082637589C00E0E490 /* Parser.swift in Sources */,
				AC3B4B992639DBB100694726 /* PokemonDetailsViewController.swift in Sources */,
				AC3B4BA42639F0E100694726 /* ApplicationCoordinator.swift in Sources */,
				AC3B4BA82639F0F600694726 /* Coordinator.swift in Sources */,
			);
			runOnlyForDeploymentPostprocessing = 0;
		};
/* End PBXSourcesBuildPhase section */

/* Begin PBXVariantGroup section */
		8D8E13F02637537F00E0E490 /* LaunchScreen.storyboard */ = {
			isa = PBXVariantGroup;
			children = (
				8D8E13F12637537F00E0E490 /* Base */,
			);
			name = LaunchScreen.storyboard;
			sourceTree = "<group>";
		};
/* End PBXVariantGroup section */

/* Begin XCBuildConfiguration section */
		8D8E13F42637537F00E0E490 /* Debug */ = {
			isa = XCBuildConfiguration;
			buildSettings = {
				ALWAYS_SEARCH_USER_PATHS = NO;
				CLANG_ANALYZER_NONNULL = YES;
				CLANG_ANALYZER_NUMBER_OBJECT_CONVERSION = YES_AGGRESSIVE;
				CLANG_CXX_LANGUAGE_STANDARD = "gnu++14";
				CLANG_CXX_LIBRARY = "libc++";
				CLANG_ENABLE_MODULES = YES;
				CLANG_ENABLE_OBJC_ARC = YES;
				CLANG_ENABLE_OBJC_WEAK = YES;
				CLANG_WARN_BLOCK_CAPTURE_AUTORELEASING = YES;
				CLANG_WARN_BOOL_CONVERSION = YES;
				CLANG_WARN_COMMA = YES;
				CLANG_WARN_CONSTANT_CONVERSION = YES;
				CLANG_WARN_DEPRECATED_OBJC_IMPLEMENTATIONS = YES;
				CLANG_WARN_DIRECT_OBJC_ISA_USAGE = YES_ERROR;
				CLANG_WARN_DOCUMENTATION_COMMENTS = YES;
				CLANG_WARN_EMPTY_BODY = YES;
				CLANG_WARN_ENUM_CONVERSION = YES;
				CLANG_WARN_INFINITE_RECURSION = YES;
				CLANG_WARN_INT_CONVERSION = YES;
				CLANG_WARN_NON_LITERAL_NULL_CONVERSION = YES;
				CLANG_WARN_OBJC_IMPLICIT_RETAIN_SELF = YES;
				CLANG_WARN_OBJC_LITERAL_CONVERSION = YES;
				CLANG_WARN_OBJC_ROOT_CLASS = YES_ERROR;
				CLANG_WARN_QUOTED_INCLUDE_IN_FRAMEWORK_HEADER = YES;
				CLANG_WARN_RANGE_LOOP_ANALYSIS = YES;
				CLANG_WARN_STRICT_PROTOTYPES = YES;
				CLANG_WARN_SUSPICIOUS_MOVE = YES;
				CLANG_WARN_UNGUARDED_AVAILABILITY = YES_AGGRESSIVE;
				CLANG_WARN_UNREACHABLE_CODE = YES;
				CLANG_WARN__DUPLICATE_METHOD_MATCH = YES;
				COPY_PHASE_STRIP = NO;
				DEBUG_INFORMATION_FORMAT = dwarf;
				ENABLE_STRICT_OBJC_MSGSEND = YES;
				ENABLE_TESTABILITY = YES;
				GCC_C_LANGUAGE_STANDARD = gnu11;
				GCC_DYNAMIC_NO_PIC = NO;
				GCC_NO_COMMON_BLOCKS = YES;
				GCC_OPTIMIZATION_LEVEL = 0;
				GCC_PREPROCESSOR_DEFINITIONS = (
					"DEBUG=1",
					"$(inherited)",
				);
				GCC_WARN_64_TO_32_BIT_CONVERSION = YES;
				GCC_WARN_ABOUT_RETURN_TYPE = YES_ERROR;
				GCC_WARN_UNDECLARED_SELECTOR = YES;
				GCC_WARN_UNINITIALIZED_AUTOS = YES_AGGRESSIVE;
				GCC_WARN_UNUSED_FUNCTION = YES;
				GCC_WARN_UNUSED_VARIABLE = YES;
				IPHONEOS_DEPLOYMENT_TARGET = 16.2;
				MTL_ENABLE_DEBUG_INFO = INCLUDE_SOURCE;
				MTL_FAST_MATH = YES;
				ONLY_ACTIVE_ARCH = YES;
				SDKROOT = iphoneos;
				SWIFT_ACTIVE_COMPILATION_CONDITIONS = DEBUG;
				SWIFT_OPTIMIZATION_LEVEL = "-Onone";
			};
			name = Debug;
		};
		8D8E13F52637537F00E0E490 /* Release */ = {
			isa = XCBuildConfiguration;
			buildSettings = {
				ALWAYS_SEARCH_USER_PATHS = NO;
				CLANG_ANALYZER_NONNULL = YES;
				CLANG_ANALYZER_NUMBER_OBJECT_CONVERSION = YES_AGGRESSIVE;
				CLANG_CXX_LANGUAGE_STANDARD = "gnu++14";
				CLANG_CXX_LIBRARY = "libc++";
				CLANG_ENABLE_MODULES = YES;
				CLANG_ENABLE_OBJC_ARC = YES;
				CLANG_ENABLE_OBJC_WEAK = YES;
				CLANG_WARN_BLOCK_CAPTURE_AUTORELEASING = YES;
				CLANG_WARN_BOOL_CONVERSION = YES;
				CLANG_WARN_COMMA = YES;
				CLANG_WARN_CONSTANT_CONVERSION = YES;
				CLANG_WARN_DEPRECATED_OBJC_IMPLEMENTATIONS = YES;
				CLANG_WARN_DIRECT_OBJC_ISA_USAGE = YES_ERROR;
				CLANG_WARN_DOCUMENTATION_COMMENTS = YES;
				CLANG_WARN_EMPTY_BODY = YES;
				CLANG_WARN_ENUM_CONVERSION = YES;
				CLANG_WARN_INFINITE_RECURSION = YES;
				CLANG_WARN_INT_CONVERSION = YES;
				CLANG_WARN_NON_LITERAL_NULL_CONVERSION = YES;
				CLANG_WARN_OBJC_IMPLICIT_RETAIN_SELF = YES;
				CLANG_WARN_OBJC_LITERAL_CONVERSION = YES;
				CLANG_WARN_OBJC_ROOT_CLASS = YES_ERROR;
				CLANG_WARN_QUOTED_INCLUDE_IN_FRAMEWORK_HEADER = YES;
				CLANG_WARN_RANGE_LOOP_ANALYSIS = YES;
				CLANG_WARN_STRICT_PROTOTYPES = YES;
				CLANG_WARN_SUSPICIOUS_MOVE = YES;
				CLANG_WARN_UNGUARDED_AVAILABILITY = YES_AGGRESSIVE;
				CLANG_WARN_UNREACHABLE_CODE = YES;
				CLANG_WARN__DUPLICATE_METHOD_MATCH = YES;
				COPY_PHASE_STRIP = NO;
				DEBUG_INFORMATION_FORMAT = "dwarf-with-dsym";
				ENABLE_NS_ASSERTIONS = NO;
				ENABLE_STRICT_OBJC_MSGSEND = YES;
				GCC_C_LANGUAGE_STANDARD = gnu11;
				GCC_NO_COMMON_BLOCKS = YES;
				GCC_WARN_64_TO_32_BIT_CONVERSION = YES;
				GCC_WARN_ABOUT_RETURN_TYPE = YES_ERROR;
				GCC_WARN_UNDECLARED_SELECTOR = YES;
				GCC_WARN_UNINITIALIZED_AUTOS = YES_AGGRESSIVE;
				GCC_WARN_UNUSED_FUNCTION = YES;
				GCC_WARN_UNUSED_VARIABLE = YES;
				IPHONEOS_DEPLOYMENT_TARGET = 16.2;
				MTL_ENABLE_DEBUG_INFO = NO;
				MTL_FAST_MATH = YES;
				SDKROOT = iphoneos;
				SWIFT_COMPILATION_MODE = wholemodule;
				SWIFT_OPTIMIZATION_LEVEL = "-O";
				VALIDATE_PRODUCT = YES;
			};
			name = Release;
		};
		8D8E13F72637537F00E0E490 /* Debug */ = {
			isa = XCBuildConfiguration;
			buildSettings = {
				ASSETCATALOG_COMPILER_APPICON_NAME = AppIcon;
				ASSETCATALOG_COMPILER_GLOBAL_ACCENT_COLOR_NAME = AccentColor;
				CODE_SIGN_STYLE = Automatic;
				DEVELOPMENT_TEAM = GQZ969BN59;
				INFOPLIST_FILE = PokemonList/Info.plist;
				IPHONEOS_DEPLOYMENT_TARGET = 16.2;
				LD_RUNPATH_SEARCH_PATHS = (
					"$(inherited)",
					"@executable_path/Frameworks",
				);
				PRODUCT_BUNDLE_IDENTIFIER = com.edabarutcu.pokemonlist;
				PRODUCT_NAME = "$(TARGET_NAME)";
				SWIFT_VERSION = 5.0;
				TARGETED_DEVICE_FAMILY = "1,2";
			};
			name = Debug;
		};
		8D8E13F82637537F00E0E490 /* Release */ = {
			isa = XCBuildConfiguration;
			buildSettings = {
				ASSETCATALOG_COMPILER_APPICON_NAME = AppIcon;
				ASSETCATALOG_COMPILER_GLOBAL_ACCENT_COLOR_NAME = AccentColor;
				CODE_SIGN_STYLE = Automatic;
				DEVELOPMENT_TEAM = GQZ969BN59;
				INFOPLIST_FILE = PokemonList/Info.plist;
				IPHONEOS_DEPLOYMENT_TARGET = 16.2;
				LD_RUNPATH_SEARCH_PATHS = (
					"$(inherited)",
					"@executable_path/Frameworks",
				);
				PRODUCT_BUNDLE_IDENTIFIER = com.edabarutcu;
				PRODUCT_NAME = "$(TARGET_NAME)";
				SWIFT_VERSION = 5.0;
				TARGETED_DEVICE_FAMILY = "1,2";
			};
			name = Release;
		};
/* End XCBuildConfiguration section */

/* Begin XCConfigurationList section */
		8D8E13DD2637537F00E0E490 /* Build configuration list for PBXProject "PokemonList" */ = {
			isa = XCConfigurationList;
			buildConfigurations = (
				8D8E13F42637537F00E0E490 /* Debug */,
				8D8E13F52637537F00E0E490 /* Release */,
			);
			defaultConfigurationIsVisible = 0;
			defaultConfigurationName = Release;
		};
		8D8E13F62637537F00E0E490 /* Build configuration list for PBXNativeTarget "PokemonList" */ = {
			isa = XCConfigurationList;
			buildConfigurations = (
				8D8E13F72637537F00E0E490 /* Debug */,
				8D8E13F82637537F00E0E490 /* Release */,
			);
			defaultConfigurationIsVisible = 0;
			defaultConfigurationName = Release;
		};
/* End XCConfigurationList section */
	};
	rootObject = 8D8E13DA2637537F00E0E490 /* Project object */;
}
